// !$*UTF8*$!
{
	archiveVersion = 1;
	classes = {
	};
	objectVersion = 77;
	objects = {

/* Begin PBXContainerItemProxy section */
		2982CFAD2F2F8E35008A11CB /* PBXContainerItemProxy */ = {
			isa = PBXContainerItemProxy;
			containerPortal = 2982CF952F2F8E34008A11CB /* Project object */;
			proxyType = 1;
			remoteGlobalIDString = 2982CF9C2F2F8E34008A11CB;
			remoteInfo = EntInfoTV;
		};
		2982CFB72F2F8E35008A11CB /* PBXContainerItemProxy */ = {
			isa = PBXContainerItemProxy;
			containerPortal = 2982CF952F2F8E34008A11CB /* Project object */;
			proxyType = 1;
			remoteGlobalIDString = 2982CF9C2F2F8E34008A11CB;
			remoteInfo = EntInfoTV;
		};
/* End PBXContainerItemProxy section */

/* Begin PBXFileReference section */
		2982CF9D2F2F8E34008A11CB /* EntInfoTV.app */ = {isa = PBXFileReference; explicitFileType = wrapper.application; includeInIndex = 0; path = EntInfoTV.app; sourceTree = BUILT_PRODUCTS_DIR; };
		2982CFAC2F2F8E35008A11CB /* EntInfoTVTests.xctest */ = {isa = PBXFileReference; explicitFileType = wrapper.cfbundle; includeInIndex = 0; path = EntInfoTVTests.xctest; sourceTree = BUILT_PRODUCTS_DIR; };
		2982CFB62F2F8E35008A11CB /* EntInfoTVUITests.xctest */ = {isa = PBXFileReference; explicitFileType = wrapper.cfbundle; includeInIndex = 0; path = EntInfoTVUITests.xctest; sourceTree = BUILT_PRODUCTS_DIR; };
/* End PBXFileReference section */

/* Begin PBXFileSystemSynchronizedRootGroup section */
		2982CF9F2F2F8E34008A11CB /* EntInfoTV */ = {
			isa = PBXFileSystemSynchronizedRootGroup;
			path = EntInfoTV;
			sourceTree = "<group>";
		};
		2982CFAF2F2F8E35008A11CB /* EntInfoTVTests */ = {
			isa = PBXFileSystemSynchronizedRootGroup;
			path = EntInfoTVTests;
			sourceTree = "<group>";
		};
		2982CFB92F2F8E35008A11CB /* EntInfoTVUITests */ = {
			isa = PBXFileSystemSynchronizedRootGroup;
			path = EntInfoTVUITests;
			sourceTree = "<group>";
		};
/* End PBXFileSystemSynchronizedRootGroup section */

/* Begin PBXFrameworksBuildPhase section */
		2982CF9A2F2F8E34008A11CB /* Frameworks */ = {
			isa = PBXFrameworksBuildPhase;
			buildActionMask = 2147483647;
			files = (
			);
			runOnlyForDeploymentPostprocessing = 0;
		};
		2982CFA92F2F8E35008A11CB /* Frameworks */ = {
			isa = PBXFrameworksBuildPhase;
			buildActionMask = 2147483647;
			files = (
			);
			runOnlyForDeploymentPostprocessing = 0;
		};
		2982CFB32F2F8E35008A11CB /* Frameworks */ = {
			isa = PBXFrameworksBuildPhase;
			buildActionMask = 2147483647;
			files = (
			);
			runOnlyForDeploymentPostprocessing = 0;
		};
/* End PBXFrameworksBuildPhase section */

/* Begin PBXGroup section */
		2982CF942F2F8E34008A11CB = {
			isa = PBXGroup;
			children = (
				2982CF9F2F2F8E34008A11CB /* EntInfoTV */,
				2982CFAF2F2F8E35008A11CB /* EntInfoTVTests */,
				2982CFB92F2F8E35008A11CB /* EntInfoTVUITests */,
				2982CF9E2F2F8E34008A11CB /* Products */,
			);
			sourceTree = "<group>";
		};
		2982CF9E2F2F8E34008A11CB /* Products */ = {
			isa = PBXGroup;
			children = (
				2982CF9D2F2F8E34008A11CB /* EntInfoTV.app */,
				2982CFAC2F2F8E35008A11CB /* EntInfoTVTests.xctest */,
				2982CFB62F2F8E35008A11CB /* EntInfoTVUITests.xctest */,
			);
			name = Products;
			sourceTree = "<group>";
		};
/* End PBXGroup section */

/* Begin PBXNativeTarget section */
		2982CF9C2F2F8E34008A11CB /* EntInfoTV */ = {
			isa = PBXNativeTarget;
			buildConfigurationList = 2982CFC02F2F8E35008A11CB /* Build configuration list for PBXNativeTarget "EntInfoTV" */;
			buildPhases = (
				2982CF992F2F8E34008A11CB /* Sources */,
				2982CF9A2F2F8E34008A11CB /* Frameworks */,
				2982CF9B2F2F8E34008A11CB /* Resources */,
			);
			buildRules = (
			);
			dependencies = (
			);
			fileSystemSynchronizedGroups = (
				2982CF9F2F2F8E34008A11CB /* EntInfoTV */,
			);
			name = EntInfoTV;
			packageProductDependencies = (
			);
			productName = EntInfoTV;
			productReference = 2982CF9D2F2F8E34008A11CB /* EntInfoTV.app */;
			productType = "com.apple.product-type.application";
		};
		2982CFAB2F2F8E35008A11CB /* EntInfoTVTests */ = {
			isa = PBXNativeTarget;
			buildConfigurationList = 2982CFC32F2F8E35008A11CB /* Build configuration list for PBXNativeTarget "EntInfoTVTests" */;
			buildPhases = (
				2982CFA82F2F8E35008A11CB /* Sources */,
				2982CFA92F2F8E35008A11CB /* Frameworks */,
				2982CFAA2F2F8E35008A11CB /* Resources */,
			);
			buildRules = (
			);
			dependencies = (
				2982CFAE2F2F8E35008A11CB /* PBXTargetDependency */,
			);
			fileSystemSynchronizedGroups = (
				2982CFAF2F2F8E35008A11CB /* EntInfoTVTests */,
			);
			name = EntInfoTVTests;
			packageProductDependencies = (
			);
			productName = EntInfoTVTests;
			productReference = 2982CFAC2F2F8E35008A11CB /* EntInfoTVTests.xctest */;
			productType = "com.apple.product-type.bundle.unit-test";
		};
		2982CFB52F2F8E35008A11CB /* EntInfoTVUITests */ = {
			isa = PBXNativeTarget;
			buildConfigurationList = 2982CFC62F2F8E35008A11CB /* Build configuration list for PBXNativeTarget "EntInfoTVUITests" */;
			buildPhases = (
				2982CFB22F2F8E35008A11CB /* Sources */,
				2982CFB32F2F8E35008A11CB /* Frameworks */,
				2982CFB42F2F8E35008A11CB /* Resources */,
			);
			buildRules = (
			);
			dependencies = (
				2982CFB82F2F8E35008A11CB /* PBXTargetDependency */,
			);
			fileSystemSynchronizedGroups = (
				2982CFB92F2F8E35008A11CB /* EntInfoTVUITests */,
			);
			name = EntInfoTVUITests;
			packageProductDependencies = (
			);
			productName = EntInfoTVUITests;
			productReference = 2982CFB62F2F8E35008A11CB /* EntInfoTVUITests.xctest */;
			productType = "com.apple.product-type.bundle.ui-testing";
		};
/* End PBXNativeTarget section */

/* Begin PBXProject section */
		2982CF952F2F8E34008A11CB /* Project object */ = {
			isa = PBXProject;
			attributes = {
				BuildIndependentTargetsInParallel = 1;
				LastSwiftUpdateCheck = 2620;
				LastUpgradeCheck = 2620;
				TargetAttributes = {
					2982CF9C2F2F8E34008A11CB = {
						CreatedOnToolsVersion = 26.2;
					};
					2982CFAB2F2F8E35008A11CB = {
						CreatedOnToolsVersion = 26.2;
						TestTargetID = 2982CF9C2F2F8E34008A11CB;
					};
					2982CFB52F2F8E35008A11CB = {
						CreatedOnToolsVersion = 26.2;
						TestTargetID = 2982CF9C2F2F8E34008A11CB;
					};
				};
			};
			buildConfigurationList = 2982CF982F2F8E34008A11CB /* Build configuration list for PBXProject "EntInfoTV" */;
			developmentRegion = en;
			hasScannedForEncodings = 0;
			knownRegions = (
				en,
				Base,
			);
			mainGroup = 2982CF942F2F8E34008A11CB;
			minimizedProjectReferenceProxies = 1;
			preferredProjectObjectVersion = 77;
			productRefGroup = 2982CF9E2F2F8E34008A11CB /* Products */;
			projectDirPath = "";
			projectRoot = "";
			targets = (
				2982CF9C2F2F8E34008A11CB /* EntInfoTV */,
				2982CFAB2F2F8E35008A11CB /* EntInfoTVTests */,
				2982CFB52F2F8E35008A11CB /* EntInfoTVUITests */,
			);
		};
/* End PBXProject section */

/* Begin PBXResourcesBuildPhase section */
		2982CF9B2F2F8E34008A11CB /* Resources */ = {
			isa = PBXResourcesBuildPhase;
			buildActionMask = 2147483647;
			files = (
			);
			runOnlyForDeploymentPostprocessing = 0;
		};
		2982CFAA2F2F8E35008A11CB /* Resources */ = {
			isa = PBXResourcesBuildPhase;
			buildActionMask = 2147483647;
			files = (
			);
			runOnlyForDeploymentPostprocessing = 0;
		};
		2982CFB42F2F8E35008A11CB /* Resources */ = {
			isa = PBXResourcesBuildPhase;
			buildActionMask = 2147483647;
			files = (
			);
			runOnlyForDeploymentPostprocessing = 0;
		};
/* End PBXResourcesBuildPhase section */

/* Begin PBXSourcesBuildPhase section */
		2982CF992F2F8E34008A11CB /* Sources */ = {
			isa = PBXSourcesBuildPhase;
			buildActionMask = 2147483647;
			files = (
			);
			runOnlyForDeploymentPostprocessing = 0;
		};
		2982CFA82F2F8E35008A11CB /* Sources */ = {
			isa = PBXSourcesBuildPhase;
			buildActionMask = 2147483647;
			files = (
			);
			runOnlyForDeploymentPostprocessing = 0;
		};
		2982CFB22F2F8E35008A11CB /* Sources */ = {
			isa = PBXSourcesBuildPhase;
			buildActionMask = 2147483647;
			files = (
			);
			runOnlyForDeploymentPostprocessing = 0;
		};
/* End PBXSourcesBuildPhase section */

/* Begin PBXTargetDependency section */
		2982CFAE2F2F8E35008A11CB /* PBXTargetDependency */ = {
			isa = PBXTargetDependency;
			target = 2982CF9C2F2F8E34008A11CB /* EntInfoTV */;
			targetProxy = 2982CFAD2F2F8E35008A11CB /* PBXContainerItemProxy */;
		};
		2982CFB82F2F8E35008A11CB /* PBXTargetDependency */ = {
			isa = PBXTargetDependency;
			target = 2982CF9C2F2F8E34008A11CB /* EntInfoTV */;
			targetProxy = 2982CFB72F2F8E35008A11CB /* PBXContainerItemProxy */;
		};
/* End PBXTargetDependency section */

/* Begin XCBuildConfiguration section */
		2982CFBE2F2F8E35008A11CB /* Debug */ = {
			isa = XCBuildConfiguration;
			buildSettings = {
				ALWAYS_SEARCH_USER_PATHS = NO;
				ASSETCATALOG_COMPILER_GENERATE_SWIFT_ASSET_SYMBOL_EXTENSIONS = YES;
				CLANG_ANALYZER_NONNULL = YES;
				CLANG_ANALYZER_NUMBER_OBJECT_CONVERSION = YES_AGGRESSIVE;
				CLANG_CXX_LANGUAGE_STANDARD = "gnu++20";
				CLANG_ENABLE_MODULES = YES;
				CLANG_ENABLE_OBJC_ARC = YES;
				CLANG_ENABLE_OBJC_WEAK = YES;
				CLANG_WARN_BLOCK_CAPTURE_AUTORELEASING = YES;
				CLANG_WARN_BOOL_CONVERSION = YES;
				CLANG_WARN_COMMA = YES;
				CLANG_WARN_CONSTANT_CONVERSION = YES;
				CLANG_WARN_DEPRECATED_OBJC_IMPLEMENTATIONS = YES;
				CLANG_WARN_DIRECT_OBJC_ISA_USAGE = YES_ERROR;
				CLANG_WARN_DOCUMENTATION_COMMENTS = YES;
				CLANG_WARN_EMPTY_BODY = YES;
				CLANG_WARN_ENUM_CONVERSION = YES;
				CLANG_WARN_INFINITE_RECURSION = YES;
				CLANG_WARN_INT_CONVERSION = YES;
				CLANG_WARN_NON_LITERAL_NULL_CONVERSION = YES;
				CLANG_WARN_OBJC_IMPLICIT_RETAIN_SELF = YES;
				CLANG_WARN_OBJC_LITERAL_CONVERSION = YES;
				CLANG_WARN_OBJC_ROOT_CLASS = YES_ERROR;
				CLANG_WARN_QUOTED_INCLUDE_IN_FRAMEWORK_HEADER = YES;
				CLANG_WARN_RANGE_LOOP_ANALYSIS = YES;
				CLANG_WARN_STRICT_PROTOTYPES = YES;
				CLANG_WARN_SUSPICIOUS_MOVE = YES;
				CLANG_WARN_UNGUARDED_AVAILABILITY = YES_AGGRESSIVE;
				CLANG_WARN_UNREACHABLE_CODE = YES;
				CLANG_WARN__DUPLICATE_METHOD_MATCH = YES;
				COPY_PHASE_STRIP = NO;
				DEBUG_INFORMATION_FORMAT = dwarf;
				DEVELOPMENT_TEAM = B5627M73YT;
				ENABLE_STRICT_OBJC_MSGSEND = YES;
				ENABLE_TESTABILITY = YES;
				ENABLE_USER_SCRIPT_SANDBOXING = YES;
				GCC_C_LANGUAGE_STANDARD = gnu17;
				GCC_DYNAMIC_NO_PIC = NO;
				GCC_NO_COMMON_BLOCKS = YES;
				GCC_OPTIMIZATION_LEVEL = 0;
				GCC_PREPROCESSOR_DEFINITIONS = (
					"DEBUG=1",
					"$(inherited)",
				);
				GCC_WARN_64_TO_32_BIT_CONVERSION = YES;
				GCC_WARN_ABOUT_RETURN_TYPE = YES_ERROR;
				GCC_WARN_UNDECLARED_SELECTOR = YES;
				GCC_WARN_UNINITIALIZED_AUTOS = YES_AGGRESSIVE;
				GCC_WARN_UNUSED_FUNCTION = YES;
				GCC_WARN_UNUSED_VARIABLE = YES;
				LOCALIZATION_PREFERS_STRING_CATALOGS = YES;
				MTL_ENABLE_DEBUG_INFO = INCLUDE_SOURCE;
				MTL_FAST_MATH = YES;
				ONLY_ACTIVE_ARCH = YES;
				SDKROOT = appletvos;
				SWIFT_ACTIVE_COMPILATION_CONDITIONS = "DEBUG $(inherited)";
				SWIFT_OPTIMIZATION_LEVEL = "-Onone";
				TVOS_DEPLOYMENT_TARGET = 26.1;
			};
			name = Debug;
		};
		2982CFBF2F2F8E35008A11CB /* Release */ = {
			isa = XCBuildConfiguration;
			buildSettings = {
				ALWAYS_SEARCH_USER_PATHS = NO;
				ASSETCATALOG_COMPILER_GENERATE_SWIFT_ASSET_SYMBOL_EXTENSIONS = YES;
				CLANG_ANALYZER_NONNULL = YES;
				CLANG_ANALYZER_NUMBER_OBJECT_CONVERSION = YES_AGGRESSIVE;
				CLANG_CXX_LANGUAGE_STANDARD = "gnu++20";
				CLANG_ENABLE_MODULES = YES;
				CLANG_ENABLE_OBJC_ARC = YES;
				CLANG_ENABLE_OBJC_WEAK = YES;
				CLANG_WARN_BLOCK_CAPTURE_AUTORELEASING = YES;
				CLANG_WARN_BOOL_CONVERSION = YES;
				CLANG_WARN_COMMA = YES;
				CLANG_WARN_CONSTANT_CONVERSION = YES;
				CLANG_WARN_DEPRECATED_OBJC_IMPLEMENTATIONS = YES;
				CLANG_WARN_DIRECT_OBJC_ISA_USAGE = YES_ERROR;
				CLANG_WARN_DOCUMENTATION_COMMENTS = YES;
				CLANG_WARN_EMPTY_BODY = YES;
				CLANG_WARN_ENUM_CONVERSION = YES;
				CLANG_WARN_INFINITE_RECURSION = YES;
				CLANG_WARN_INT_CONVERSION = YES;
				CLANG_WARN_NON_LITERAL_NULL_CONVERSION = YES;
				CLANG_WARN_OBJC_IMPLICIT_RETAIN_SELF = YES;
				CLANG_WARN_OBJC_LITERAL_CONVERSION = YES;
				CLANG_WARN_OBJC_ROOT_CLASS = YES_ERROR;
				CLANG_WARN_QUOTED_INCLUDE_IN_FRAMEWORK_HEADER = YES;
				CLANG_WARN_RANGE_LOOP_ANALYSIS = YES;
				CLANG_WARN_STRICT_PROTOTYPES = YES;
				CLANG_WARN_SUSPICIOUS_MOVE = YES;
				CLANG_WARN_UNGUARDED_AVAILABILITY = YES_AGGRESSIVE;
				CLANG_WARN_UNREACHABLE_CODE = YES;
				CLANG_WARN__DUPLICATE_METHOD_MATCH = YES;
				COPY_PHASE_STRIP = NO;
				DEBUG_INFORMATION_FORMAT = "dwarf-with-dsym";
				DEVELOPMENT_TEAM = B5627M73YT;
				ENABLE_NS_ASSERTIONS = NO;
				ENABLE_STRICT_OBJC_MSGSEND = YES;
				ENABLE_USER_SCRIPT_SANDBOXING = YES;
				GCC_C_LANGUAGE_STANDARD = gnu17;
				GCC_NO_COMMON_BLOCKS = YES;
				GCC_WARN_64_TO_32_BIT_CONVERSION = YES;
				GCC_WARN_ABOUT_RETURN_TYPE = YES_ERROR;
				GCC_WARN_UNDECLARED_SELECTOR = YES;
				GCC_WARN_UNINITIALIZED_AUTOS = YES_AGGRESSIVE;
				GCC_WARN_UNUSED_FUNCTION = YES;
				GCC_WARN_UNUSED_VARIABLE = YES;
				LOCALIZATION_PREFERS_STRING_CATALOGS = YES;
				MTL_ENABLE_DEBUG_INFO = NO;
				MTL_FAST_MATH = YES;
				SDKROOT = appletvos;
				SWIFT_COMPILATION_MODE = wholemodule;
				TVOS_DEPLOYMENT_TARGET = 26.1;
				VALIDATE_PRODUCT = YES;
			};
			name = Release;
		};
		2982CFC12F2F8E35008A11CB /* Debug */ = {
			isa = XCBuildConfiguration;
			buildSettings = {
				ASSETCATALOG_COMPILER_APPICON_NAME = "App Icon & Top Shelf Image";
				ASSETCATALOG_COMPILER_GLOBAL_ACCENT_COLOR_NAME = AccentColor;
				CODE_SIGN_STYLE = Automatic;
				CURRENT_PROJECT_VERSION = 1;
				DEVELOPMENT_TEAM = B5627M73YT;
				ENABLE_PREVIEWS = YES;
				GENERATE_INFOPLIST_FILE = YES;
				INFOPLIST_KEY_UILaunchScreen_Generation = YES;
				INFOPLIST_KEY_UIUserInterfaceStyle = Automatic;
				LD_RUNPATH_SEARCH_PATHS = (
					"$(inherited)",
					"@executable_path/Frameworks",
				);
				MARKETING_VERSION = 1.0;
				PRODUCT_BUNDLE_IDENTIFIER = com.bluehawana.EntInfoTV;
				PRODUCT_NAME = "$(TARGET_NAME)";
				STRING_CATALOG_GENERATE_SYMBOLS = YES;
				SWIFT_APPROACHABLE_CONCURRENCY = YES;
				SWIFT_DEFAULT_ACTOR_ISOLATION = MainActor;
				SWIFT_EMIT_LOC_STRINGS = YES;
				SWIFT_UPCOMING_FEATURE_MEMBER_IMPORT_VISIBILITY = YES;
				SWIFT_VERSION = 5.0;
				TARGETED_DEVICE_FAMILY = 3;
			};
			name = Debug;
		};
		2982CFC22F2F8E35008A11CB /* Release */ = {
			isa = XCBuildConfiguration;
			buildSettings = {
				ASSETCATALOG_COMPILER_APPICON_NAME = "App Icon & Top Shelf Image";
				ASSETCATALOG_COMPILER_GLOBAL_ACCENT_COLOR_NAME = AccentColor;
				CODE_SIGN_STYLE = Automatic;
				CURRENT_PROJECT_VERSION = 1;
				DEVELOPMENT_TEAM = B5627M73YT;
				ENABLE_PREVIEWS = YES;
				GENERATE_INFOPLIST_FILE = YES;
				INFOPLIST_KEY_UILaunchScreen_Generation = YES;
				INFOPLIST_KEY_UIUserInterfaceStyle = Automatic;
				LD_RUNPATH_SEARCH_PATHS = (
					"$(inherited)",
					"@executable_path/Frameworks",
				);
				MARKETING_VERSION = 1.0;
				PRODUCT_BUNDLE_IDENTIFIER = com.bluehawana.EntInfoTV;
				PRODUCT_NAME = "$(TARGET_NAME)";
				STRING_CATALOG_GENERATE_SYMBOLS = YES;
				SWIFT_APPROACHABLE_CONCURRENCY = YES;
				SWIFT_DEFAULT_ACTOR_ISOLATION = MainActor;
				SWIFT_EMIT_LOC_STRINGS = YES;
				SWIFT_UPCOMING_FEATURE_MEMBER_IMPORT_VISIBILITY = YES;
				SWIFT_VERSION = 5.0;
				TARGETED_DEVICE_FAMILY = 3;
			};
			name = Release;
		};
		2982CFC42F2F8E35008A11CB /* Debug */ = {
			isa = XCBuildConfiguration;
			buildSettings = {
				BUNDLE_LOADER = "$(TEST_HOST)";
				CODE_SIGN_STYLE = Automatic;
				CURRENT_PROJECT_VERSION = 1;
				DEVELOPMENT_TEAM = B5627M73YT;
				GENERATE_INFOPLIST_FILE = YES;
				MARKETING_VERSION = 1.0;
				PRODUCT_BUNDLE_IDENTIFIER = com.bluehawana.EntInfoTVTests;
				PRODUCT_NAME = "$(TARGET_NAME)";
				STRING_CATALOG_GENERATE_SYMBOLS = NO;
				SWIFT_APPROACHABLE_CONCURRENCY = YES;
				SWIFT_EMIT_LOC_STRINGS = NO;
				SWIFT_UPCOMING_FEATURE_MEMBER_IMPORT_VISIBILITY = YES;
				SWIFT_VERSION = 5.0;
				TARGETED_DEVICE_FAMILY = 3;
				TEST_HOST = "$(BUILT_PRODUCTS_DIR)/EntInfoTV.app/$(BUNDLE_EXECUTABLE_FOLDER_PATH)/EntInfoTV";
				TVOS_DEPLOYMENT_TARGET = 26.1;
			};
			name = Debug;
		};
		2982CFC52F2F8E35008A11CB /* Release */ = {
			isa = XCBuildConfiguration;
			buildSettings = {
				BUNDLE_LOADER = "$(TEST_HOST)";
				CODE_SIGN_STYLE = Automatic;
				CURRENT_PROJECT_VERSION = 1;
				DEVELOPMENT_TEAM = B5627M73YT;
				GENERATE_INFOPLIST_FILE = YES;
				MARKETING_VERSION = 1.0;
				PRODUCT_BUNDLE_IDENTIFIER = com.bluehawana.EntInfoTVTests;
				PRODUCT_NAME = "$(TARGET_NAME)";
				STRING_CATALOG_GENERATE_SYMBOLS = NO;
				SWIFT_APPROACHABLE_CONCURRENCY = YES;
				SWIFT_EMIT_LOC_STRINGS = NO;
				SWIFT_UPCOMING_FEATURE_MEMBER_IMPORT_VISIBILITY = YES;
				SWIFT_VERSION = 5.0;
				TARGETED_DEVICE_FAMILY = 3;
				TEST_HOST = "$(BUILT_PRODUCTS_DIR)/EntInfoTV.app/$(BUNDLE_EXECUTABLE_FOLDER_PATH)/EntInfoTV";
				TVOS_DEPLOYMENT_TARGET = 26.1;
			};
			name = Release;
		};
		2982CFC72F2F8E35008A11CB /* Debug */ = {
			isa = XCBuildConfiguration;
			buildSettings = {
				CODE_SIGN_STYLE = Automatic;
				CURRENT_PROJECT_VERSION = 1;
				DEVELOPMENT_TEAM = B5627M73YT;
				GENERATE_INFOPLIST_FILE = YES;
				MARKETING_VERSION = 1.0;
				PRODUCT_BUNDLE_IDENTIFIER = com.bluehawana.EntInfoTVUITests;
				PRODUCT_NAME = "$(TARGET_NAME)";
				STRING_CATALOG_GENERATE_SYMBOLS = NO;
				SWIFT_APPROACHABLE_CONCURRENCY = YES;
				SWIFT_EMIT_LOC_STRINGS = NO;
				SWIFT_UPCOMING_FEATURE_MEMBER_IMPORT_VISIBILITY = YES;
				SWIFT_VERSION = 5.0;
				TARGETED_DEVICE_FAMILY = 3;
				TEST_TARGET_NAME = EntInfoTV;
			};
			name = Debug;
		};
		2982CFC82F2F8E35008A11CB /* Release */ = {
			isa = XCBuildConfiguration;
			buildSettings = {
				CODE_SIGN_STYLE = Automatic;
				CURRENT_PROJECT_VERSION = 1;
				DEVELOPMENT_TEAM = B5627M73YT;
				GENERATE_INFOPLIST_FILE = YES;
				MARKETING_VERSION = 1.0;
				PRODUCT_BUNDLE_IDENTIFIER = com.bluehawana.EntInfoTVUITests;
				PRODUCT_NAME = "$(TARGET_NAME)";
				STRING_CATALOG_GENERATE_SYMBOLS = NO;
				SWIFT_APPROACHABLE_CONCURRENCY = YES;
				SWIFT_EMIT_LOC_STRINGS = NO;
				SWIFT_UPCOMING_FEATURE_MEMBER_IMPORT_VISIBILITY = YES;
				SWIFT_VERSION = 5.0;
				TARGETED_DEVICE_FAMILY = 3;
				TEST_TARGET_NAME = EntInfoTV;
			};
			name = Release;
		};
/* End XCBuildConfiguration section */

/* Begin XCConfigurationList section */
		2982CF982F2F8E34008A11CB /* Build configuration list for PBXProject "EntInfoTV" */ = {
			isa = XCConfigurationList;
			buildConfigurations = (
				2982CFBE2F2F8E35008A11CB /* Debug */,
				2982CFBF2F2F8E35008A11CB /* Release */,
			);
			defaultConfigurationIsVisible = 0;
			defaultConfigurationName = Release;
		};
		2982CFC02F2F8E35008A11CB /* Build configuration list for PBXNativeTarget "EntInfoTV" */ = {
			isa = XCConfigurationList;
			buildConfigurations = (
				2982CFC12F2F8E35008A11CB /* Debug */,
				2982CFC22F2F8E35008A11CB /* Release */,
			);
			defaultConfigurationIsVisible = 0;
			defaultConfigurationName = Release;
		};
		2982CFC32F2F8E35008A11CB /* Build configuration list for PBXNativeTarget "EntInfoTVTests" */ = {
			isa = XCConfigurationList;
			buildConfigurations = (
				2982CFC42F2F8E35008A11CB /* Debug */,
				2982CFC52F2F8E35008A11CB /* Release */,
			);
			defaultConfigurationIsVisible = 0;
			defaultConfigurationName = Release;
		};
		2982CFC62F2F8E35008A11CB /* Build configuration list for PBXNativeTarget "EntInfoTVUITests" */ = {
			isa = XCConfigurationList;
			buildConfigurations = (
				2982CFC72F2F8E35008A11CB /* Debug */,
				2982CFC82F2F8E35008A11CB /* Release */,
			);
			defaultConfigurationIsVisible = 0;
			defaultConfigurationName = Release;
		};
/* End XCConfigurationList section */
	};
	rootObject = 2982CF952F2F8E34008A11CB /* Project object */;
}
